
Microsoft Visual Studio Solution File, Format Version 12.00
# Visual Studio Version 16
VisualStudioVersion = 16.0.35026.282
MinimumVisualStudioVersion = 10.0.40219.1
Project("{C9674DCB-5085-4A16-B785-4C70DD1589BD}") = "SaberProDWH ETL", "Proyecto ETL SABERPRO\SaberProDWH ETL.dtproj", "{5E22CE71-3BDB-4FAA-87A0-D86E523C353E}"
EndProject
Project("{C9674DCB-5085-4A16-B785-4C70DD1589BD}") = "SaberProDim ETL", "SaberProDim ETL\SaberProDim ETL.dtproj", "{7BCD0066-8BEE-4DC9-88A9-FA62374BFCBE}"
EndProject
Global
	GlobalSection(SolutionConfigurationPlatforms) = preSolution
		Development|Default = Development|Default
	EndGlobalSection
	GlobalSection(ProjectConfigurationPlatforms) = postSolution
		{5E22CE71-3BDB-4FAA-87A0-D86E523C353E}.Development|Default.ActiveCfg = Development
		{5E22CE71-3BDB-4FAA-87A0-D86E523C353E}.Development|Default.Build.0 = Development
		{7BCD0066-8BEE-4DC9-88A9-FA62374BFCBE}.Development|Default.ActiveCfg = Development
		{7BCD0066-8BEE-4DC9-88A9-FA62374BFCBE}.Development|Default.Build.0 = Development
	EndGlobalSection
	GlobalSection(SolutionProperties) = preSolution
		HideSolutionNode = FALSE
	EndGlobalSection
	GlobalSection(ExtensibilityGlobals) = postSolution
		SolutionGuid = {FA836EF9-A234-433F-8362-3C1161DA8123}
	EndGlobalSection
EndGlobal
